// !$*UTF8*$!
{
	archiveVersion = 1;
	classes = {
	};
	objectVersion = 50;
	objects = {

/* Begin PBXBuildFile section */
		9E97A4B426827DA700EB49D7 /* AppDelegate.m in Sources */ = {isa = PBXBuildFile; fileRef = 9E97A4B326827DA700EB49D7 /* AppDelegate.m */; };
		9E97A4B726827DA700EB49D7 /* SceneDelegate.m in Sources */ = {isa = PBXBuildFile; fileRef = 9E97A4B626827DA700EB49D7 /* SceneDelegate.m */; };
		9E97A4BD26827DA700EB49D7 /* Main.storyboard in Resources */ = {isa = PBXBuildFile; fileRef = 9E97A4BB26827DA700EB49D7 /* Main.storyboard */; };
		9E97A4BF26827DA800EB49D7 /* Assets.xcassets in Resources */ = {isa = PBXBuildFile; fileRef = 9E97A4BE26827DA800EB49D7 /* Assets.xcassets */; };
		9E97A4C226827DA800EB49D7 /* LaunchScreen.storyboard in Resources */ = {isa = PBXBuildFile; fileRef = 9E97A4C026827DA800EB49D7 /* LaunchScreen.storyboard */; };
		9E97A4C526827DA800EB49D7 /* main.m in Sources */ = {isa = PBXBuildFile; fileRef = 9E97A4C426827DA800EB49D7 /* main.m */; };
		9E97A4CF26827DA800EB49D7 /* TipperTests.m in Sources */ = {isa = PBXBuildFile; fileRef = 9E97A4CE26827DA800EB49D7 /* TipperTests.m */; };
		9E97A4DA26827DA800EB49D7 /* TipperUITests.m in Sources */ = {isa = PBXBuildFile; fileRef = 9E97A4D926827DA800EB49D7 /* TipperUITests.m */; };
		9E97A4E926828F9800EB49D7 /* TipViewController.m in Sources */ = {isa = PBXBuildFile; fileRef = 9E97A4E826828F9800EB49D7 /* TipViewController.m */; };
/* End PBXBuildFile section */

/* Begin PBXContainerItemProxy section */
		9E97A4CB26827DA800EB49D7 /* PBXContainerItemProxy */ = {
			isa = PBXContainerItemProxy;
			containerPortal = 9E97A4A726827DA700EB49D7 /* Project object */;
			proxyType = 1;
			remoteGlobalIDString = 9E97A4AE26827DA700EB49D7;
			remoteInfo = Tipper;
		};
		9E97A4D626827DA800EB49D7 /* PBXContainerItemProxy */ = {
			isa = PBXContainerItemProxy;
			containerPortal = 9E97A4A726827DA700EB49D7 /* Project object */;
			proxyType = 1;
			remoteGlobalIDString = 9E97A4AE26827DA700EB49D7;
			remoteInfo = Tipper;
		};
/* End PBXContainerItemProxy section */

/* Begin PBXFileReference section */
		9E97A4AF26827DA700EB49D7 /* Tipper.app */ = {isa = PBXFileReference; explicitFileType = wrapper.application; includeInIndex = 0; path = Tipper.app; sourceTree = BUILT_PRODUCTS_DIR; };
		9E97A4B226827DA700EB49D7 /* AppDelegate.h */ = {isa = PBXFileReference; lastKnownFileType = sourcecode.c.h; path = AppDelegate.h; sourceTree = "<group>"; };
		9E97A4B326827DA700EB49D7 /* AppDelegate.m */ = {isa = PBXFileReference; lastKnownFileType = sourcecode.c.objc; path = AppDelegate.m; sourceTree = "<group>"; };
		9E97A4B526827DA700EB49D7 /* SceneDelegate.h */ = {isa = PBXFileReference; lastKnownFileType = sourcecode.c.h; path = SceneDelegate.h; sourceTree = "<group>"; };
		9E97A4B626827DA700EB49D7 /* SceneDelegate.m */ = {isa = PBXFileReference; lastKnownFileType = sourcecode.c.objc; path = SceneDelegate.m; sourceTree = "<group>"; };
		9E97A4BC26827DA700EB49D7 /* Base */ = {isa = PBXFileReference; lastKnownFileType = file.storyboard; name = Base; path = Base.lproj/Main.storyboard; sourceTree = "<group>"; };
		9E97A4BE26827DA800EB49D7 /* Assets.xcassets */ = {isa = PBXFileReference; lastKnownFileType = folder.assetcatalog; path = Assets.xcassets; sourceTree = "<group>"; };
		9E97A4C126827DA800EB49D7 /* Base */ = {isa = PBXFileReference; lastKnownFileType = file.storyboard; name = Base; path = Base.lproj/LaunchScreen.storyboard; sourceTree = "<group>"; };
		9E97A4C326827DA800EB49D7 /* Info.plist */ = {isa = PBXFileReference; lastKnownFileType = text.plist.xml; path = Info.plist; sourceTree = "<group>"; };
		9E97A4C426827DA800EB49D7 /* main.m */ = {isa = PBXFileReference; lastKnownFileType = sourcecode.c.objc; path = main.m; sourceTree = "<group>"; };
		9E97A4CA26827DA800EB49D7 /* TipperTests.xctest */ = {isa = PBXFileReference; explicitFileType = wrapper.cfbundle; includeInIndex = 0; path = TipperTests.xctest; sourceTree = BUILT_PRODUCTS_DIR; };
		9E97A4CE26827DA800EB49D7 /* TipperTests.m */ = {isa = PBXFileReference; lastKnownFileType = sourcecode.c.objc; path = TipperTests.m; sourceTree = "<group>"; };
		9E97A4D026827DA800EB49D7 /* Info.plist */ = {isa = PBXFileReference; lastKnownFileType = text.plist.xml; path = Info.plist; sourceTree = "<group>"; };
		9E97A4D526827DA800EB49D7 /* TipperUITests.xctest */ = {isa = PBXFileReference; explicitFileType = wrapper.cfbundle; includeInIndex = 0; path = TipperUITests.xctest; sourceTree = BUILT_PRODUCTS_DIR; };
		9E97A4D926827DA800EB49D7 /* TipperUITests.m */ = {isa = PBXFileReference; lastKnownFileType = sourcecode.c.objc; path = TipperUITests.m; sourceTree = "<group>"; };
		9E97A4DB26827DA800EB49D7 /* Info.plist */ = {isa = PBXFileReference; lastKnownFileType = text.plist.xml; path = Info.plist; sourceTree = "<group>"; };
		9E97A4E726828F9800EB49D7 /* TipViewController.h */ = {isa = PBXFileReference; lastKnownFileType = sourcecode.c.h; path = TipViewController.h; sourceTree = "<group>"; };
		9E97A4E826828F9800EB49D7 /* TipViewController.m */ = {isa = PBXFileReference; lastKnownFileType = sourcecode.c.objc; path = TipViewController.m; sourceTree = "<group>"; };
/* End PBXFileReference section */

/* Begin PBXFrameworksBuildPhase section */
		9E97A4AC26827DA700EB49D7 /* Frameworks */ = {
			isa = PBXFrameworksBuildPhase;
			buildActionMask = 2147483647;
			files = (
			);
			runOnlyForDeploymentPostprocessing = 0;
		};
		9E97A4C726827DA800EB49D7 /* Frameworks */ = {
			isa = PBXFrameworksBuildPhase;
			buildActionMask = 2147483647;
			files = (
			);
			runOnlyForDeploymentPostprocessing = 0;
		};
		9E97A4D226827DA800EB49D7 /* Frameworks */ = {
			isa = PBXFrameworksBuildPhase;
			buildActionMask = 2147483647;
			files = (
			);
			runOnlyForDeploymentPostprocessing = 0;
		};
/* End PBXFrameworksBuildPhase section */

/* Begin PBXGroup section */
		9E97A4A626827DA700EB49D7 = {
			isa = PBXGroup;
			children = (
				9E97A4B126827DA700EB49D7 /* Tipper */,
				9E97A4CD26827DA800EB49D7 /* TipperTests */,
				9E97A4D826827DA800EB49D7 /* TipperUITests */,
				9E97A4B026827DA700EB49D7 /* Products */,
			);
			sourceTree = "<group>";
		};
		9E97A4B026827DA700EB49D7 /* Products */ = {
			isa = PBXGroup;
			children = (
				9E97A4AF26827DA700EB49D7 /* Tipper.app */,
				9E97A4CA26827DA800EB49D7 /* TipperTests.xctest */,
				9E97A4D526827DA800EB49D7 /* TipperUITests.xctest */,
			);
			name = Products;
			sourceTree = "<group>";
		};
		9E97A4B126827DA700EB49D7 /* Tipper */ = {
			isa = PBXGroup;
			children = (
				9E97A4B226827DA700EB49D7 /* AppDelegate.h */,
				9E97A4B326827DA700EB49D7 /* AppDelegate.m */,
				9E97A4B526827DA700EB49D7 /* SceneDelegate.h */,
				9E97A4B626827DA700EB49D7 /* SceneDelegate.m */,
				9E97A4BB26827DA700EB49D7 /* Main.storyboard */,
				9E97A4E726828F9800EB49D7 /* TipViewController.h */,
				9E97A4E826828F9800EB49D7 /* TipViewController.m */,
				9E97A4BE26827DA800EB49D7 /* Assets.xcassets */,
				9E97A4C026827DA800EB49D7 /* LaunchScreen.storyboard */,
				9E97A4C326827DA800EB49D7 /* Info.plist */,
				9E97A4C426827DA800EB49D7 /* main.m */,
			);
			path = Tipper;
			sourceTree = "<group>";
		};
		9E97A4CD26827DA800EB49D7 /* TipperTests */ = {
			isa = PBXGroup;
			children = (
				9E97A4CE26827DA800EB49D7 /* TipperTests.m */,
				9E97A4D026827DA800EB49D7 /* Info.plist */,
			);
			path = TipperTests;
			sourceTree = "<group>";
		};
		9E97A4D826827DA800EB49D7 /* TipperUITests */ = {
			isa = PBXGroup;
			children = (
				9E97A4D926827DA800EB49D7 /* TipperUITests.m */,
				9E97A4DB26827DA800EB49D7 /* Info.plist */,
			);
			path = TipperUITests;
			sourceTree = "<group>";
		};
/* End PBXGroup section */

/* Begin PBXNativeTarget section */
		9E97A4AE26827DA700EB49D7 /* Tipper */ = {
			isa = PBXNativeTarget;
			buildConfigurationList = 9E97A4DE26827DA800EB49D7 /* Build configuration list for PBXNativeTarget "Tipper" */;
			buildPhases = (
				9E97A4AB26827DA700EB49D7 /* Sources */,
				9E97A4AC26827DA700EB49D7 /* Frameworks */,
				9E97A4AD26827DA700EB49D7 /* Resources */,
			);
			buildRules = (
			);
			dependencies = (
			);
			name = Tipper;
			productName = Tipper;
			productReference = 9E97A4AF26827DA700EB49D7 /* Tipper.app */;
			productType = "com.apple.product-type.application";
		};
		9E97A4C926827DA800EB49D7 /* TipperTests */ = {
			isa = PBXNativeTarget;
			buildConfigurationList = 9E97A4E126827DA800EB49D7 /* Build configuration list for PBXNativeTarget "TipperTests" */;
			buildPhases = (
				9E97A4C626827DA800EB49D7 /* Sources */,
				9E97A4C726827DA800EB49D7 /* Frameworks */,
				9E97A4C826827DA800EB49D7 /* Resources */,
			);
			buildRules = (
			);
			dependencies = (
				9E97A4CC26827DA800EB49D7 /* PBXTargetDependency */,
			);
			name = TipperTests;
			productName = TipperTests;
			productReference = 9E97A4CA26827DA800EB49D7 /* TipperTests.xctest */;
			productType = "com.apple.product-type.bundle.unit-test";
		};
		9E97A4D426827DA800EB49D7 /* TipperUITests */ = {
			isa = PBXNativeTarget;
			buildConfigurationList = 9E97A4E426827DA800EB49D7 /* Build configuration list for PBXNativeTarget "TipperUITests" */;
			buildPhases = (
				9E97A4D126827DA800EB49D7 /* Sources */,
				9E97A4D226827DA800EB49D7 /* Frameworks */,
				9E97A4D326827DA800EB49D7 /* Resources */,
			);
			buildRules = (
			);
			dependencies = (
				9E97A4D726827DA800EB49D7 /* PBXTargetDependency */,
			);
			name = TipperUITests;
			productName = TipperUITests;
			productReference = 9E97A4D526827DA800EB49D7 /* TipperUITests.xctest */;
			productType = "com.apple.product-type.bundle.ui-testing";
		};
/* End PBXNativeTarget section */

/* Begin PBXProject section */
		9E97A4A726827DA700EB49D7 /* Project object */ = {
			isa = PBXProject;
			attributes = {
				LastUpgradeCheck = 1250;
				TargetAttributes = {
					9E97A4AE26827DA700EB49D7 = {
						CreatedOnToolsVersion = 12.5.1;
					};
					9E97A4C926827DA800EB49D7 = {
						CreatedOnToolsVersion = 12.5.1;
						TestTargetID = 9E97A4AE26827DA700EB49D7;
					};
					9E97A4D426827DA800EB49D7 = {
						CreatedOnToolsVersion = 12.5.1;
						TestTargetID = 9E97A4AE26827DA700EB49D7;
					};
				};
			};
			buildConfigurationList = 9E97A4AA26827DA700EB49D7 /* Build configuration list for PBXProject "Tipper" */;
			compatibilityVersion = "Xcode 9.3";
			developmentRegion = en;
			hasScannedForEncodings = 0;
			knownRegions = (
				en,
				Base,
			);
			mainGroup = 9E97A4A626827DA700EB49D7;
			productRefGroup = 9E97A4B026827DA700EB49D7 /* Products */;
			projectDirPath = "";
			projectRoot = "";
			targets = (
				9E97A4AE26827DA700EB49D7 /* Tipper */,
				9E97A4C926827DA800EB49D7 /* TipperTests */,
				9E97A4D426827DA800EB49D7 /* TipperUITests */,
			);
		};
/* End PBXProject section */

/* Begin PBXResourcesBuildPhase section */
		9E97A4AD26827DA700EB49D7 /* Resources */ = {
			isa = PBXResourcesBuildPhase;
			buildActionMask = 2147483647;
			files = (
				9E97A4C226827DA800EB49D7 /* LaunchScreen.storyboard in Resources */,
				9E97A4BF26827DA800EB49D7 /* Assets.xcassets in Resources */,
				9E97A4BD26827DA700EB49D7 /* Main.storyboard in Resources */,
			);
			runOnlyForDeploymentPostprocessing = 0;
		};
		9E97A4C826827DA800EB49D7 /* Resources */ = {
			isa = PBXResourcesBuildPhase;
			buildActionMask = 2147483647;
			files = (
			);
			runOnlyForDeploymentPostprocessing = 0;
		};
		9E97A4D326827DA800EB49D7 /* Resources */ = {
			isa = PBXResourcesBuildPhase;
			buildActionMask = 2147483647;
			files = (
			);
			runOnlyForDeploymentPostprocessing = 0;
		};
/* End PBXResourcesBuildPhase section */

/* Begin PBXSourcesBuildPhase section */
		9E97A4AB26827DA700EB49D7 /* Sources */ = {
			isa = PBXSourcesBuildPhase;
			buildActionMask = 2147483647;
			files = (
				9E97A4B426827DA700EB49D7 /* AppDelegate.m in Sources */,
				9E97A4C526827DA800EB49D7 /* main.m in Sources */,
				9E97A4E926828F9800EB49D7 /* TipViewController.m in Sources */,
				9E97A4B726827DA700EB49D7 /* SceneDelegate.m in Sources */,
			);
			runOnlyForDeploymentPostprocessing = 0;
		};
		9E97A4C626827DA800EB49D7 /* Sources */ = {
			isa = PBXSourcesBuildPhase;
			buildActionMask = 2147483647;
			files = (
				9E97A4CF26827DA800EB49D7 /* TipperTests.m in Sources */,
			);
			runOnlyForDeploymentPostprocessing = 0;
		};
		9E97A4D126827DA800EB49D7 /* Sources */ = {
			isa = PBXSourcesBuildPhase;
			buildActionMask = 2147483647;
			files = (
				9E97A4DA26827DA800EB49D7 /* TipperUITests.m in Sources */,
			);
			runOnlyForDeploymentPostprocessing = 0;
		};
/* End PBXSourcesBuildPhase section */

/* Begin PBXTargetDependency section */
		9E97A4CC26827DA800EB49D7 /* PBXTargetDependency */ = {
			isa = PBXTargetDependency;
			target = 9E97A4AE26827DA700EB49D7 /* Tipper */;
			targetProxy = 9E97A4CB26827DA800EB49D7 /* PBXContainerItemProxy */;
		};
		9E97A4D726827DA800EB49D7 /* PBXTargetDependency */ = {
			isa = PBXTargetDependency;
			target = 9E97A4AE26827DA700EB49D7 /* Tipper */;
			targetProxy = 9E97A4D626827DA800EB49D7 /* PBXContainerItemProxy */;
		};
/* End PBXTargetDependency section */

/* Begin PBXVariantGroup section */
		9E97A4BB26827DA700EB49D7 /* Main.storyboard */ = {
			isa = PBXVariantGroup;
			children = (
				9E97A4BC26827DA700EB49D7 /* Base */,
			);
			name = Main.storyboard;
			sourceTree = "<group>";
		};
		9E97A4C026827DA800EB49D7 /* LaunchScreen.storyboard */ = {
			isa = PBXVariantGroup;
			children = (
				9E97A4C126827DA800EB49D7 /* Base */,
			);
			name = LaunchScreen.storyboard;
			sourceTree = "<group>";
		};
/* End PBXVariantGroup section */

/* Begin XCBuildConfiguration section */
		9E97A4DC26827DA800EB49D7 /* Debug */ = {
			isa = XCBuildConfiguration;
			buildSettings = {
				ALWAYS_SEARCH_USER_PATHS = NO;
				CLANG_ANALYZER_NONNULL = YES;
				CLANG_ANALYZER_NUMBER_OBJECT_CONVERSION = YES_AGGRESSIVE;
				CLANG_CXX_LANGUAGE_STANDARD = "gnu++14";
				CLANG_CXX_LIBRARY = "libc++";
				CLANG_ENABLE_MODULES = YES;
				CLANG_ENABLE_OBJC_ARC = YES;
				CLANG_ENABLE_OBJC_WEAK = YES;
				CLANG_WARN_BLOCK_CAPTURE_AUTORELEASING = YES;
				CLANG_WARN_BOOL_CONVERSION = YES;
				CLANG_WARN_COMMA = YES;
				CLANG_WARN_CONSTANT_CONVERSION = YES;
				CLANG_WARN_DEPRECATED_OBJC_IMPLEMENTATIONS = YES;
				CLANG_WARN_DIRECT_OBJC_ISA_USAGE = YES_ERROR;
				CLANG_WARN_DOCUMENTATION_COMMENTS = YES;
				CLANG_WARN_EMPTY_BODY = YES;
				CLANG_WARN_ENUM_CONVERSION = YES;
				CLANG_WARN_INFINITE_RECURSION = YES;
				CLANG_WARN_INT_CONVERSION = YES;
				CLANG_WARN_NON_LITERAL_NULL_CONVERSION = YES;
				CLANG_WARN_OBJC_IMPLICIT_RETAIN_SELF = YES;
				CLANG_WARN_OBJC_LITERAL_CONVERSION = YES;
				CLANG_WARN_OBJC_ROOT_CLASS = YES_ERROR;
				CLANG_WARN_QUOTED_INCLUDE_IN_FRAMEWORK_HEADER = YES;
				CLANG_WARN_RANGE_LOOP_ANALYSIS = YES;
				CLANG_WARN_STRICT_PROTOTYPES = YES;
				CLANG_WARN_SUSPICIOUS_MOVE = YES;
				CLANG_WARN_UNGUARDED_AVAILABILITY = YES_AGGRESSIVE;
				CLANG_WARN_UNREACHABLE_CODE = YES;
				CLANG_WARN__DUPLICATE_METHOD_MATCH = YES;
				COPY_PHASE_STRIP = NO;
				DEBUG_INFORMATION_FORMAT = dwarf;
				ENABLE_STRICT_OBJC_MSGSEND = YES;
				ENABLE_TESTABILITY = YES;
				GCC_C_LANGUAGE_STANDARD = gnu11;
				GCC_DYNAMIC_NO_PIC = NO;
				GCC_NO_COMMON_BLOCKS = YES;
				GCC_OPTIMIZATION_LEVEL = 0;
				GCC_PREPROCESSOR_DEFINITIONS = (
					"DEBUG=1",
					"$(inherited)",
				);
				GCC_WARN_64_TO_32_BIT_CONVERSION = YES;
				GCC_WARN_ABOUT_RETURN_TYPE = YES_ERROR;
				GCC_WARN_UNDECLARED_SELECTOR = YES;
				GCC_WARN_UNINITIALIZED_AUTOS = YES_AGGRESSIVE;
				GCC_WARN_UNUSED_FUNCTION = YES;
				GCC_WARN_UNUSED_VARIABLE = YES;
				IPHONEOS_DEPLOYMENT_TARGET = 14.5;
				MTL_ENABLE_DEBUG_INFO = INCLUDE_SOURCE;
				MTL_FAST_MATH = YES;
				ONLY_ACTIVE_ARCH = YES;
				SDKROOT = iphoneos;
			};
			name = Debug;
		};
		9E97A4DD26827DA800EB49D7 /* Release */ = {
			isa = XCBuildConfiguration;
			buildSettings = {
				ALWAYS_SEARCH_USER_PATHS = NO;
				CLANG_ANALYZER_NONNULL = YES;
				CLANG_ANALYZER_NUMBER_OBJECT_CONVERSION = YES_AGGRESSIVE;
				CLANG_CXX_LANGUAGE_STANDARD = "gnu++14";
				CLANG_CXX_LIBRARY = "libc++";
				CLANG_ENABLE_MODULES = YES;
				CLANG_ENABLE_OBJC_ARC = YES;
				CLANG_ENABLE_OBJC_WEAK = YES;
				CLANG_WARN_BLOCK_CAPTURE_AUTORELEASING = YES;
				CLANG_WARN_BOOL_CONVERSION = YES;
				CLANG_WARN_COMMA = YES;
				CLANG_WARN_CONSTANT_CONVERSION = YES;
				CLANG_WARN_DEPRECATED_OBJC_IMPLEMENTATIONS = YES;
				CLANG_WARN_DIRECT_OBJC_ISA_USAGE = YES_ERROR;
				CLANG_WARN_DOCUMENTATION_COMMENTS = YES;
				CLANG_WARN_EMPTY_BODY = YES;
				CLANG_WARN_ENUM_CONVERSION = YES;
				CLANG_WARN_INFINITE_RECURSION = YES;
				CLANG_WARN_INT_CONVERSION = YES;
				CLANG_WARN_NON_LITERAL_NULL_CONVERSION = YES;
				CLANG_WARN_OBJC_IMPLICIT_RETAIN_SELF = YES;
				CLANG_WARN_OBJC_LITERAL_CONVERSION = YES;
				CLANG_WARN_OBJC_ROOT_CLASS = YES_ERROR;
				CLANG_WARN_QUOTED_INCLUDE_IN_FRAMEWORK_HEADER = YES;
				CLANG_WARN_RANGE_LOOP_ANALYSIS = YES;
				CLANG_WARN_STRICT_PROTOTYPES = YES;
				CLANG_WARN_SUSPICIOUS_MOVE = YES;
				CLANG_WARN_UNGUARDED_AVAILABILITY = YES_AGGRESSIVE;
				CLANG_WARN_UNREACHABLE_CODE = YES;
				CLANG_WARN__DUPLICATE_METHOD_MATCH = YES;
				COPY_PHASE_STRIP = NO;
				DEBUG_INFORMATION_FORMAT = "dwarf-with-dsym";
				ENABLE_NS_ASSERTIONS = NO;
				ENABLE_STRICT_OBJC_MSGSEND = YES;
				GCC_C_LANGUAGE_STANDARD = gnu11;
				GCC_NO_COMMON_BLOCKS = YES;
				GCC_WARN_64_TO_32_BIT_CONVERSION = YES;
				GCC_WARN_ABOUT_RETURN_TYPE = YES_ERROR;
				GCC_WARN_UNDECLARED_SELECTOR = YES;
				GCC_WARN_UNINITIALIZED_AUTOS = YES_AGGRESSIVE;
				GCC_WARN_UNUSED_FUNCTION = YES;
				GCC_WARN_UNUSED_VARIABLE = YES;
				IPHONEOS_DEPLOYMENT_TARGET = 14.5;
				MTL_ENABLE_DEBUG_INFO = NO;
				MTL_FAST_MATH = YES;
				SDKROOT = iphoneos;
				VALIDATE_PRODUCT = YES;
			};
			name = Release;
		};
		9E97A4DF26827DA800EB49D7 /* Debug */ = {
			isa = XCBuildConfiguration;
			buildSettings = {
				ASSETCATALOG_COMPILER_APPICON_NAME = AppIcon;
				ASSETCATALOG_COMPILER_GLOBAL_ACCENT_COLOR_NAME = AccentColor;
				CODE_SIGN_STYLE = Automatic;
				DEVELOPMENT_TEAM = 7S6FU6A2CQ;
				INFOPLIST_FILE = Tipper/Info.plist;
				LD_RUNPATH_SEARCH_PATHS = (
					"$(inherited)",
					"@executable_path/Frameworks",
				);
				PRODUCT_BUNDLE_IDENTIFIER = com.anvitha.Tipper;
				PRODUCT_NAME = "$(TARGET_NAME)";
				TARGETED_DEVICE_FAMILY = "1,2";
			};
			name = Debug;
		};
		9E97A4E026827DA800EB49D7 /* Release */ = {
			isa = XCBuildConfiguration;
			buildSettings = {
				ASSETCATALOG_COMPILER_APPICON_NAME = AppIcon;
				ASSETCATALOG_COMPILER_GLOBAL_ACCENT_COLOR_NAME = AccentColor;
				CODE_SIGN_STYLE = Automatic;
				DEVELOPMENT_TEAM = 7S6FU6A2CQ;
				INFOPLIST_FILE = Tipper/Info.plist;
				LD_RUNPATH_SEARCH_PATHS = (
					"$(inherited)",
					"@executable_path/Frameworks",
				);
				PRODUCT_BUNDLE_IDENTIFIER = com.anvitha.Tipper;
				PRODUCT_NAME = "$(TARGET_NAME)";
				TARGETED_DEVICE_FAMILY = "1,2";
			};
			name = Release;
		};
		9E97A4E226827DA800EB49D7 /* Debug */ = {
			isa = XCBuildConfiguration;
			buildSettings = {
				BUNDLE_LOADER = "$(TEST_HOST)";
				CODE_SIGN_STYLE = Automatic;
				DEVELOPMENT_TEAM = 7S6FU6A2CQ;
				INFOPLIST_FILE = TipperTests/Info.plist;
				IPHONEOS_DEPLOYMENT_TARGET = 14.5;
				LD_RUNPATH_SEARCH_PATHS = (
					"$(inherited)",
					"@executable_path/Frameworks",
					"@loader_path/Frameworks",
				);
				PRODUCT_BUNDLE_IDENTIFIER = com.anvitha.TipperTests;
				PRODUCT_NAME = "$(TARGET_NAME)";
				TARGETED_DEVICE_FAMILY = "1,2";
				TEST_HOST = "$(BUILT_PRODUCTS_DIR)/Tipper.app/Tipper";
			};
			name = Debug;
		};
		9E97A4E326827DA800EB49D7 /* Release */ = {
			isa = XCBuildConfiguration;
			buildSettings = {
				BUNDLE_LOADER = "$(TEST_HOST)";
				CODE_SIGN_STYLE = Automatic;
				DEVELOPMENT_TEAM = 7S6FU6A2CQ;
				INFOPLIST_FILE = TipperTests/Info.plist;
				IPHONEOS_DEPLOYMENT_TARGET = 14.5;
				LD_RUNPATH_SEARCH_PATHS = (
					"$(inherited)",
					"@executable_path/Frameworks",
					"@loader_path/Frameworks",
				);
				PRODUCT_BUNDLE_IDENTIFIER = com.anvitha.TipperTests;
				PRODUCT_NAME = "$(TARGET_NAME)";
				TARGETED_DEVICE_FAMILY = "1,2";
				TEST_HOST = "$(BUILT_PRODUCTS_DIR)/Tipper.app/Tipper";
			};
			name = Release;
		};
		9E97A4E526827DA800EB49D7 /* Debug */ = {
			isa = XCBuildConfiguration;
			buildSettings = {
				CODE_SIGN_STYLE = Automatic;
				DEVELOPMENT_TEAM = 7S6FU6A2CQ;
				INFOPLIST_FILE = TipperUITests/Info.plist;
				LD_RUNPATH_SEARCH_PATHS = (
					"$(inherited)",
					"@executable_path/Frameworks",
					"@loader_path/Frameworks",
				);
				PRODUCT_BUNDLE_IDENTIFIER = com.anvitha.TipperUITests;
				PRODUCT_NAME = "$(TARGET_NAME)";
				TARGETED_DEVICE_FAMILY = "1,2";
				TEST_TARGET_NAME = Tipper;
			};
			name = Debug;
		};
		9E97A4E626827DA800EB49D7 /* Release */ = {
			isa = XCBuildConfiguration;
			buildSettings = {
				CODE_SIGN_STYLE = Automatic;
				DEVELOPMENT_TEAM = 7S6FU6A2CQ;
				INFOPLIST_FILE = TipperUITests/Info.plist;
				LD_RUNPATH_SEARCH_PATHS = (
					"$(inherited)",
					"@executable_path/Frameworks",
					"@loader_path/Frameworks",
				);
				PRODUCT_BUNDLE_IDENTIFIER = com.anvitha.TipperUITests;
				PRODUCT_NAME = "$(TARGET_NAME)";
				TARGETED_DEVICE_FAMILY = "1,2";
				TEST_TARGET_NAME = Tipper;
			};
			name = Release;
		};
/* End XCBuildConfiguration section */

/* Begin XCConfigurationList section */
		9E97A4AA26827DA700EB49D7 /* Build configuration list for PBXProject "Tipper" */ = {
			isa = XCConfigurationList;
			buildConfigurations = (
				9E97A4DC26827DA800EB49D7 /* Debug */,
				9E97A4DD26827DA800EB49D7 /* Release */,
			);
			defaultConfigurationIsVisible = 0;
			defaultConfigurationName = Release;
		};
		9E97A4DE26827DA800EB49D7 /* Build configuration list for PBXNativeTarget "Tipper" */ = {
			isa = XCConfigurationList;
			buildConfigurations = (
				9E97A4DF26827DA800EB49D7 /* Debug */,
				9E97A4E026827DA800EB49D7 /* Release */,
			);
			defaultConfigurationIsVisible = 0;
			defaultConfigurationName = Release;
		};
		9E97A4E126827DA800EB49D7 /* Build configuration list for PBXNativeTarget "TipperTests" */ = {
			isa = XCConfigurationList;
			buildConfigurations = (
				9E97A4E226827DA800EB49D7 /* Debug */,
				9E97A4E326827DA800EB49D7 /* Release */,
			);
			defaultConfigurationIsVisible = 0;
			defaultConfigurationName = Release;
		};
		9E97A4E426827DA800EB49D7 /* Build configuration list for PBXNativeTarget "TipperUITests" */ = {
			isa = XCConfigurationList;
			buildConfigurations = (
				9E97A4E526827DA800EB49D7 /* Debug */,
				9E97A4E626827DA800EB49D7 /* Release */,
			);
			defaultConfigurationIsVisible = 0;
			defaultConfigurationName = Release;
		};
/* End XCConfigurationList section */
	};
	rootObject = 9E97A4A726827DA700EB49D7 /* Project object */;
}
